{
  "name": "server",
  "version": "1.0.0",
  "lockfileVersion": 3,
  "requires": true,
  "packages": {
    "": {
      "name": "server",
      "version": "1.0.0",
      "license": "ISC",
      "dependencies": {
        "@zoom/videosdk": "^1.8.10"
      }
    },
    "node_modules/@zoom/videosdk": {
      "version": "1.8.10",
      "resolved": "https://registry.npmjs.org/@zoom/videosdk/-/videosdk-1.8.10.tgz",
      "integrity": "sha512-5yA5U26IqqZh/nt02J893u+SFGTfBsrmcrWhYVTgwVfKFxZgIuaCNBe8lH8Dv0u7KgmmzOtV2jIotqJHK0D9HA=="
    }
  }
}
